{
    "name": "vscode-unfancy-file-icons",
    "version": "0.1.0",
    "lockfileVersion": 1,
    "requires": true,
    "dependencies": {
        "octicons-webfont": {
            "version": "1.2.1",
            "resolved": "https://registry.npmjs.org/octicons-webfont/-/octicons-webfont-1.2.1.tgz",
            "integrity": "sha512-buEXo3NfQdlWA6eMH3wF2eGOn2FuEBq2j3zD0K5LW1AowdBzyz7G1x7RX8XaMzYgl5wZ9z3hHcUn3Z7+BDXzjA==",
            "requires": {
                "@primer/octicons": "9.3.1"
            },
            "dependencies": {
                "@primer/octicons": {
                    "version": "9.3.1",
                    "bundled": true,
                    "requires": {
                        "object-assign": "^4.1.1"
                    }
                },
                "object-assign": {
                    "version": "4.1.1",
                    "bundled": true
                }
            }
        }
    }
}
